// !$*UTF8*$!
{
	archiveVersion = 1;
	classes = {
	};
	objectVersion = 56;
	objects = {

/* Begin PBXBuildFile section */
		4A4236DB29C9DB7000D0D106 /* AppDelegate.swift in Sources */ = {isa = PBXBuildFile; fileRef = 4A4236DA29C9DB7000D0D106 /* AppDelegate.swift */; };
		4A4236DD29C9DB7000D0D106 /* SceneDelegate.swift in Sources */ = {isa = PBXBuildFile; fileRef = 4A4236DC29C9DB7000D0D106 /* SceneDelegate.swift */; };
		4A4236DF29C9DB7000D0D106 /* ViewController.swift in Sources */ = {isa = PBXBuildFile; fileRef = 4A4236DE29C9DB7000D0D106 /* ViewController.swift */; };
		4A4236E229C9DB7000D0D106 /* Main.storyboard in Resources */ = {isa = PBXBuildFile; fileRef = 4A4236E029C9DB7000D0D106 /* Main.storyboard */; };
		4A4236E429C9DB7100D0D106 /* Assets.xcassets in Resources */ = {isa = PBXBuildFile; fileRef = 4A4236E329C9DB7100D0D106 /* Assets.xcassets */; };
		4A4236E729C9DB7100D0D106 /* LaunchScreen.storyboard in Resources */ = {isa = PBXBuildFile; fileRef = 4A4236E529C9DB7100D0D106 /* LaunchScreen.storyboard */; };
		4A4236F029C9DBFD00D0D106 /* Swinject in Frameworks */ = {isa = PBXBuildFile; productRef = 4A4236EF29C9DBFD00D0D106 /* Swinject */; };
		4A4236F229C9DCA300D0D106 /* DependencyTest.swift in Sources */ = {isa = PBXBuildFile; fileRef = 4A4236F129C9DCA300D0D106 /* DependencyTest.swift */; };
		4A4236F429C9DE4900D0D106 /* BackgroundProviderProtocol.swift in Sources */ = {isa = PBXBuildFile; fileRef = 4A4236F329C9DE4900D0D106 /* BackgroundProviderProtocol.swift */; };
		4A4236F629C9DE9000D0D106 /* BackgroundProvidingClass.swift in Sources */ = {isa = PBXBuildFile; fileRef = 4A4236F529C9DE9000D0D106 /* BackgroundProvidingClass.swift */; };
		4A4236F829C9DF1B00D0D106 /* AnotherVC.swift in Sources */ = {isa = PBXBuildFile; fileRef = 4A4236F729C9DF1B00D0D106 /* AnotherVC.swift */; };
/* End PBXBuildFile section */

/* Begin PBXFileReference section */
		4A4236D729C9DB7000D0D106 /* SwiftDependencyInjection.app */ = {isa = PBXFileReference; explicitFileType = wrapper.application; includeInIndex = 0; path = SwiftDependencyInjection.app; sourceTree = BUILT_PRODUCTS_DIR; };
		4A4236DA29C9DB7000D0D106 /* AppDelegate.swift */ = {isa = PBXFileReference; lastKnownFileType = sourcecode.swift; path = AppDelegate.swift; sourceTree = "<group>"; };
		4A4236DC29C9DB7000D0D106 /* SceneDelegate.swift */ = {isa = PBXFileReference; lastKnownFileType = sourcecode.swift; path = SceneDelegate.swift; sourceTree = "<group>"; };
		4A4236DE29C9DB7000D0D106 /* ViewController.swift */ = {isa = PBXFileReference; lastKnownFileType = sourcecode.swift; path = ViewController.swift; sourceTree = "<group>"; };
		4A4236E129C9DB7000D0D106 /* Base */ = {isa = PBXFileReference; lastKnownFileType = file.storyboard; name = Base; path = Base.lproj/Main.storyboard; sourceTree = "<group>"; };
		4A4236E329C9DB7100D0D106 /* Assets.xcassets */ = {isa = PBXFileReference; lastKnownFileType = folder.assetcatalog; path = Assets.xcassets; sourceTree = "<group>"; };
		4A4236E629C9DB7100D0D106 /* Base */ = {isa = PBXFileReference; lastKnownFileType = file.storyboard; name = Base; path = Base.lproj/LaunchScreen.storyboard; sourceTree = "<group>"; };
		4A4236E829C9DB7100D0D106 /* Info.plist */ = {isa = PBXFileReference; lastKnownFileType = text.plist.xml; path = Info.plist; sourceTree = "<group>"; };
		4A4236F129C9DCA300D0D106 /* DependencyTest.swift */ = {isa = PBXFileReference; lastKnownFileType = sourcecode.swift; path = DependencyTest.swift; sourceTree = "<group>"; };
		4A4236F329C9DE4900D0D106 /* BackgroundProviderProtocol.swift */ = {isa = PBXFileReference; lastKnownFileType = sourcecode.swift; path = BackgroundProviderProtocol.swift; sourceTree = "<group>"; };
		4A4236F529C9DE9000D0D106 /* BackgroundProvidingClass.swift */ = {isa = PBXFileReference; lastKnownFileType = sourcecode.swift; path = BackgroundProvidingClass.swift; sourceTree = "<group>"; };
		4A4236F729C9DF1B00D0D106 /* AnotherVC.swift */ = {isa = PBXFileReference; lastKnownFileType = sourcecode.swift; path = AnotherVC.swift; sourceTree = "<group>"; };
/* End PBXFileReference section */

/* Begin PBXFrameworksBuildPhase section */
		4A4236D429C9DB7000D0D106 /* Frameworks */ = {
			isa = PBXFrameworksBuildPhase;
			buildActionMask = 2147483647;
			files = (
				4A4236F029C9DBFD00D0D106 /* Swinject in Frameworks */,
			);
			runOnlyForDeploymentPostprocessing = 0;
		};
/* End PBXFrameworksBuildPhase section */

/* Begin PBXGroup section */
		4A4236CE29C9DB7000D0D106 = {
			isa = PBXGroup;
			children = (
				4A4236D929C9DB7000D0D106 /* SwiftDependencyInjection */,
				4A4236D829C9DB7000D0D106 /* Products */,
			);
			sourceTree = "<group>";
		};
		4A4236D829C9DB7000D0D106 /* Products */ = {
			isa = PBXGroup;
			children = (
				4A4236D729C9DB7000D0D106 /* SwiftDependencyInjection.app */,
			);
			name = Products;
			sourceTree = "<group>";
		};
		4A4236D929C9DB7000D0D106 /* SwiftDependencyInjection */ = {
			isa = PBXGroup;
			children = (
				4A4236DA29C9DB7000D0D106 /* AppDelegate.swift */,
				4A4236DC29C9DB7000D0D106 /* SceneDelegate.swift */,
				4A4236DE29C9DB7000D0D106 /* ViewController.swift */,
				4A4236E029C9DB7000D0D106 /* Main.storyboard */,
				4A4236E329C9DB7100D0D106 /* Assets.xcassets */,
				4A4236E529C9DB7100D0D106 /* LaunchScreen.storyboard */,
				4A4236E829C9DB7100D0D106 /* Info.plist */,
				4A4236F129C9DCA300D0D106 /* DependencyTest.swift */,
				4A4236F329C9DE4900D0D106 /* BackgroundProviderProtocol.swift */,
				4A4236F529C9DE9000D0D106 /* BackgroundProvidingClass.swift */,
				4A4236F729C9DF1B00D0D106 /* AnotherVC.swift */,
			);
			path = SwiftDependencyInjection;
			sourceTree = "<group>";
		};
/* End PBXGroup section */

/* Begin PBXNativeTarget section */
		4A4236D629C9DB7000D0D106 /* SwiftDependencyInjection */ = {
			isa = PBXNativeTarget;
			buildConfigurationList = 4A4236EB29C9DB7100D0D106 /* Build configuration list for PBXNativeTarget "SwiftDependencyInjection" */;
			buildPhases = (
				4A4236D329C9DB7000D0D106 /* Sources */,
				4A4236D429C9DB7000D0D106 /* Frameworks */,
				4A4236D529C9DB7000D0D106 /* Resources */,
			);
			buildRules = (
			);
			dependencies = (
			);
			name = SwiftDependencyInjection;
			packageProductDependencies = (
				4A4236EF29C9DBFD00D0D106 /* Swinject */,
			);
			productName = SwiftDependencyInjection;
			productReference = 4A4236D729C9DB7000D0D106 /* SwiftDependencyInjection.app */;
			productType = "com.apple.product-type.application";
		};
/* End PBXNativeTarget section */

/* Begin PBXProject section */
		4A4236CF29C9DB7000D0D106 /* Project object */ = {
			isa = PBXProject;
			attributes = {
				BuildIndependentTargetsInParallel = 1;
				LastSwiftUpdateCheck = 1420;
				LastUpgradeCheck = 1420;
				TargetAttributes = {
					4A4236D629C9DB7000D0D106 = {
						CreatedOnToolsVersion = 14.2;
					};
				};
			};
			buildConfigurationList = 4A4236D229C9DB7000D0D106 /* Build configuration list for PBXProject "SwiftDependencyInjection" */;
			compatibilityVersion = "Xcode 14.0";
			developmentRegion = en;
			hasScannedForEncodings = 0;
			knownRegions = (
				en,
				Base,
			);
			mainGroup = 4A4236CE29C9DB7000D0D106;
			packageReferences = (
				4A4236EE29C9DBFD00D0D106 /* XCRemoteSwiftPackageReference "Swinject" */,
			);
			productRefGroup = 4A4236D829C9DB7000D0D106 /* Products */;
			projectDirPath = "";
			projectRoot = "";
			targets = (
				4A4236D629C9DB7000D0D106 /* SwiftDependencyInjection */,
			);
		};
/* End PBXProject section */

/* Begin PBXResourcesBuildPhase section */
		4A4236D529C9DB7000D0D106 /* Resources */ = {
			isa = PBXResourcesBuildPhase;
			buildActionMask = 2147483647;
			files = (
				4A4236E729C9DB7100D0D106 /* LaunchScreen.storyboard in Resources */,
				4A4236E429C9DB7100D0D106 /* Assets.xcassets in Resources */,
				4A4236E229C9DB7000D0D106 /* Main.storyboard in Resources */,
			);
			runOnlyForDeploymentPostprocessing = 0;
		};
/* End PBXResourcesBuildPhase section */

/* Begin PBXSourcesBuildPhase section */
		4A4236D329C9DB7000D0D106 /* Sources */ = {
			isa = PBXSourcesBuildPhase;
			buildActionMask = 2147483647;
			files = (
				4A4236F429C9DE4900D0D106 /* BackgroundProviderProtocol.swift in Sources */,
				4A4236DF29C9DB7000D0D106 /* ViewController.swift in Sources */,
				4A4236DB29C9DB7000D0D106 /* AppDelegate.swift in Sources */,
				4A4236F829C9DF1B00D0D106 /* AnotherVC.swift in Sources */,
				4A4236F629C9DE9000D0D106 /* BackgroundProvidingClass.swift in Sources */,
				4A4236F229C9DCA300D0D106 /* DependencyTest.swift in Sources */,
				4A4236DD29C9DB7000D0D106 /* SceneDelegate.swift in Sources */,
			);
			runOnlyForDeploymentPostprocessing = 0;
		};
/* End PBXSourcesBuildPhase section */

/* Begin PBXVariantGroup section */
		4A4236E029C9DB7000D0D106 /* Main.storyboard */ = {
			isa = PBXVariantGroup;
			children = (
				4A4236E129C9DB7000D0D106 /* Base */,
			);
			name = Main.storyboard;
			sourceTree = "<group>";
		};
		4A4236E529C9DB7100D0D106 /* LaunchScreen.storyboard */ = {
			isa = PBXVariantGroup;
			children = (
				4A4236E629C9DB7100D0D106 /* Base */,
			);
			name = LaunchScreen.storyboard;
			sourceTree = "<group>";
		};
/* End PBXVariantGroup section */

/* Begin XCBuildConfiguration section */
		4A4236E929C9DB7100D0D106 /* Debug */ = {
			isa = XCBuildConfiguration;
			buildSettings = {
				ALWAYS_SEARCH_USER_PATHS = NO;
				CLANG_ANALYZER_NONNULL = YES;
				CLANG_ANALYZER_NUMBER_OBJECT_CONVERSION = YES_AGGRESSIVE;
				CLANG_CXX_LANGUAGE_STANDARD = "gnu++20";
				CLANG_ENABLE_MODULES = YES;
				CLANG_ENABLE_OBJC_ARC = YES;
				CLANG_ENABLE_OBJC_WEAK = YES;
				CLANG_WARN_BLOCK_CAPTURE_AUTORELEASING = YES;
				CLANG_WARN_BOOL_CONVERSION = YES;
				CLANG_WARN_COMMA = YES;
				CLANG_WARN_CONSTANT_CONVERSION = YES;
				CLANG_WARN_DEPRECATED_OBJC_IMPLEMENTATIONS = YES;
				CLANG_WARN_DIRECT_OBJC_ISA_USAGE = YES_ERROR;
				CLANG_WARN_DOCUMENTATION_COMMENTS = YES;
				CLANG_WARN_EMPTY_BODY = YES;
				CLANG_WARN_ENUM_CONVERSION = YES;
				CLANG_WARN_INFINITE_RECURSION = YES;
				CLANG_WARN_INT_CONVERSION = YES;
				CLANG_WARN_NON_LITERAL_NULL_CONVERSION = YES;
				CLANG_WARN_OBJC_IMPLICIT_RETAIN_SELF = YES;
				CLANG_WARN_OBJC_LITERAL_CONVERSION = YES;
				CLANG_WARN_OBJC_ROOT_CLASS = YES_ERROR;
				CLANG_WARN_QUOTED_INCLUDE_IN_FRAMEWORK_HEADER = YES;
				CLANG_WARN_RANGE_LOOP_ANALYSIS = YES;
				CLANG_WARN_STRICT_PROTOTYPES = YES;
				CLANG_WARN_SUSPICIOUS_MOVE = YES;
				CLANG_WARN_UNGUARDED_AVAILABILITY = YES_AGGRESSIVE;
				CLANG_WARN_UNREACHABLE_CODE = YES;
				CLANG_WARN__DUPLICATE_METHOD_MATCH = YES;
				COPY_PHASE_STRIP = NO;
				DEBUG_INFORMATION_FORMAT = dwarf;
				ENABLE_STRICT_OBJC_MSGSEND = YES;
				ENABLE_TESTABILITY = YES;
				GCC_C_LANGUAGE_STANDARD = gnu11;
				GCC_DYNAMIC_NO_PIC = NO;
				GCC_NO_COMMON_BLOCKS = YES;
				GCC_OPTIMIZATION_LEVEL = 0;
				GCC_PREPROCESSOR_DEFINITIONS = (
					"DEBUG=1",
					"$(inherited)",
				);
				GCC_WARN_64_TO_32_BIT_CONVERSION = YES;
				GCC_WARN_ABOUT_RETURN_TYPE = YES_ERROR;
				GCC_WARN_UNDECLARED_SELECTOR = YES;
				GCC_WARN_UNINITIALIZED_AUTOS = YES_AGGRESSIVE;
				GCC_WARN_UNUSED_FUNCTION = YES;
				GCC_WARN_UNUSED_VARIABLE = YES;
				IPHONEOS_DEPLOYMENT_TARGET = 16.2;
				MTL_ENABLE_DEBUG_INFO = INCLUDE_SOURCE;
				MTL_FAST_MATH = YES;
				ONLY_ACTIVE_ARCH = YES;
				SDKROOT = iphoneos;
				SWIFT_ACTIVE_COMPILATION_CONDITIONS = DEBUG;
				SWIFT_OPTIMIZATION_LEVEL = "-Onone";
			};
			name = Debug;
		};
		4A4236EA29C9DB7100D0D106 /* Release */ = {
			isa = XCBuildConfiguration;
			buildSettings = {
				ALWAYS_SEARCH_USER_PATHS = NO;
				CLANG_ANALYZER_NONNULL = YES;
				CLANG_ANALYZER_NUMBER_OBJECT_CONVERSION = YES_AGGRESSIVE;
				CLANG_CXX_LANGUAGE_STANDARD = "gnu++20";
				CLANG_ENABLE_MODULES = YES;
				CLANG_ENABLE_OBJC_ARC = YES;
				CLANG_ENABLE_OBJC_WEAK = YES;
				CLANG_WARN_BLOCK_CAPTURE_AUTORELEASING = YES;
				CLANG_WARN_BOOL_CONVERSION = YES;
				CLANG_WARN_COMMA = YES;
				CLANG_WARN_CONSTANT_CONVERSION = YES;
				CLANG_WARN_DEPRECATED_OBJC_IMPLEMENTATIONS = YES;
				CLANG_WARN_DIRECT_OBJC_ISA_USAGE = YES_ERROR;
				CLANG_WARN_DOCUMENTATION_COMMENTS = YES;
				CLANG_WARN_EMPTY_BODY = YES;
				CLANG_WARN_ENUM_CONVERSION = YES;
				CLANG_WARN_INFINITE_RECURSION = YES;
				CLANG_WARN_INT_CONVERSION = YES;
				CLANG_WARN_NON_LITERAL_NULL_CONVERSION = YES;
				CLANG_WARN_OBJC_IMPLICIT_RETAIN_SELF = YES;
				CLANG_WARN_OBJC_LITERAL_CONVERSION = YES;
				CLANG_WARN_OBJC_ROOT_CLASS = YES_ERROR;
				CLANG_WARN_QUOTED_INCLUDE_IN_FRAMEWORK_HEADER = YES;
				CLANG_WARN_RANGE_LOOP_ANALYSIS = YES;
				CLANG_WARN_STRICT_PROTOTYPES = YES;
				CLANG_WARN_SUSPICIOUS_MOVE = YES;
				CLANG_WARN_UNGUARDED_AVAILABILITY = YES_AGGRESSIVE;
				CLANG_WARN_UNREACHABLE_CODE = YES;
				CLANG_WARN__DUPLICATE_METHOD_MATCH = YES;
				COPY_PHASE_STRIP = NO;
				DEBUG_INFORMATION_FORMAT = "dwarf-with-dsym";
				ENABLE_NS_ASSERTIONS = NO;
				ENABLE_STRICT_OBJC_MSGSEND = YES;
				GCC_C_LANGUAGE_STANDARD = gnu11;
				GCC_NO_COMMON_BLOCKS = YES;
				GCC_WARN_64_TO_32_BIT_CONVERSION = YES;
				GCC_WARN_ABOUT_RETURN_TYPE = YES_ERROR;
				GCC_WARN_UNDECLARED_SELECTOR = YES;
				GCC_WARN_UNINITIALIZED_AUTOS = YES_AGGRESSIVE;
				GCC_WARN_UNUSED_FUNCTION = YES;
				GCC_WARN_UNUSED_VARIABLE = YES;
				IPHONEOS_DEPLOYMENT_TARGET = 16.2;
				MTL_ENABLE_DEBUG_INFO = NO;
				MTL_FAST_MATH = YES;
				SDKROOT = iphoneos;
				SWIFT_COMPILATION_MODE = wholemodule;
				SWIFT_OPTIMIZATION_LEVEL = "-O";
				VALIDATE_PRODUCT = YES;
			};
			name = Release;
		};
		4A4236EC29C9DB7100D0D106 /* Debug */ = {
			isa = XCBuildConfiguration;
			buildSettings = {
				ASSETCATALOG_COMPILER_APPICON_NAME = AppIcon;
				ASSETCATALOG_COMPILER_GLOBAL_ACCENT_COLOR_NAME = AccentColor;
				CODE_SIGN_STYLE = Automatic;
				CURRENT_PROJECT_VERSION = 1;
				GENERATE_INFOPLIST_FILE = YES;
				INFOPLIST_FILE = SwiftDependencyInjection/Info.plist;
				INFOPLIST_KEY_UIApplicationSupportsIndirectInputEvents = YES;
				INFOPLIST_KEY_UILaunchStoryboardName = LaunchScreen;
				INFOPLIST_KEY_UIMainStoryboardFile = Main;
				INFOPLIST_KEY_UISupportedInterfaceOrientations_iPad = "UIInterfaceOrientationPortrait UIInterfaceOrientationPortraitUpsideDown UIInterfaceOrientationLandscapeLeft UIInterfaceOrientationLandscapeRight";
				INFOPLIST_KEY_UISupportedInterfaceOrientations_iPhone = "UIInterfaceOrientationPortrait UIInterfaceOrientationLandscapeLeft UIInterfaceOrientationLandscapeRight";
				LD_RUNPATH_SEARCH_PATHS = (
					"$(inherited)",
					"@executable_path/Frameworks",
				);
				MARKETING_VERSION = 1.0;
				PRODUCT_BUNDLE_IDENTIFIER = com.enestekin.SwiftDependencyInjection;
				PRODUCT_NAME = "$(TARGET_NAME)";
				SWIFT_EMIT_LOC_STRINGS = YES;
				SWIFT_VERSION = 5.0;
				TARGETED_DEVICE_FAMILY = "1,2";
			};
			name = Debug;
		};
		4A4236ED29C9DB7100D0D106 /* Release */ = {
			isa = XCBuildConfiguration;
			buildSettings = {
				ASSETCATALOG_COMPILER_APPICON_NAME = AppIcon;
				ASSETCATALOG_COMPILER_GLOBAL_ACCENT_COLOR_NAME = AccentColor;
				CODE_SIGN_STYLE = Automatic;
				CURRENT_PROJECT_VERSION = 1;
				GENERATE_INFOPLIST_FILE = YES;
				INFOPLIST_FILE = SwiftDependencyInjection/Info.plist;
				INFOPLIST_KEY_UIApplicationSupportsIndirectInputEvents = YES;
				INFOPLIST_KEY_UILaunchStoryboardName = LaunchScreen;
				INFOPLIST_KEY_UIMainStoryboardFile = Main;
				INFOPLIST_KEY_UISupportedInterfaceOrientations_iPad = "UIInterfaceOrientationPortrait UIInterfaceOrientationPortraitUpsideDown UIInterfaceOrientationLandscapeLeft UIInterfaceOrientationLandscapeRight";
				INFOPLIST_KEY_UISupportedInterfaceOrientations_iPhone = "UIInterfaceOrientationPortrait UIInterfaceOrientationLandscapeLeft UIInterfaceOrientationLandscapeRight";
				LD_RUNPATH_SEARCH_PATHS = (
					"$(inherited)",
					"@executable_path/Frameworks",
				);
				MARKETING_VERSION = 1.0;
				PRODUCT_BUNDLE_IDENTIFIER = com.enestekin.SwiftDependencyInjection;
				PRODUCT_NAME = "$(TARGET_NAME)";
				SWIFT_EMIT_LOC_STRINGS = YES;
				SWIFT_VERSION = 5.0;
				TARGETED_DEVICE_FAMILY = "1,2";
			};
			name = Release;
		};
/* End XCBuildConfiguration section */

/* Begin XCConfigurationList section */
		4A4236D229C9DB7000D0D106 /* Build configuration list for PBXProject "SwiftDependencyInjection" */ = {
			isa = XCConfigurationList;
			buildConfigurations = (
				4A4236E929C9DB7100D0D106 /* Debug */,
				4A4236EA29C9DB7100D0D106 /* Release */,
			);
			defaultConfigurationIsVisible = 0;
			defaultConfigurationName = Release;
		};
		4A4236EB29C9DB7100D0D106 /* Build configuration list for PBXNativeTarget "SwiftDependencyInjection" */ = {
			isa = XCConfigurationList;
			buildConfigurations = (
				4A4236EC29C9DB7100D0D106 /* Debug */,
				4A4236ED29C9DB7100D0D106 /* Release */,
			);
			defaultConfigurationIsVisible = 0;
			defaultConfigurationName = Release;
		};
/* End XCConfigurationList section */

/* Begin XCRemoteSwiftPackageReference section */
		4A4236EE29C9DBFD00D0D106 /* XCRemoteSwiftPackageReference "Swinject" */ = {
			isa = XCRemoteSwiftPackageReference;
			repositoryURL = "https://github.com/Swinject/Swinject.git";
			requirement = {
				kind = upToNextMajorVersion;
				minimumVersion = 2.0.0;
			};
		};
/* End XCRemoteSwiftPackageReference section */

/* Begin XCSwiftPackageProductDependency section */
		4A4236EF29C9DBFD00D0D106 /* Swinject */ = {
			isa = XCSwiftPackageProductDependency;
			package = 4A4236EE29C9DBFD00D0D106 /* XCRemoteSwiftPackageReference "Swinject" */;
			productName = Swinject;
		};
/* End XCSwiftPackageProductDependency section */
	};
	rootObject = 4A4236CF29C9DB7000D0D106 /* Project object */;
}
